
Microsoft Visual Studio Solution File, Format Version 12.00
# Visual Studio Version 17
VisualStudioVersion = 17.11.35327.3
MinimumVisualStudioVersion = 10.0.40219.1
Project("{FAE04EC0-301F-11D3-BF4B-00C04F79EFBC}") = "FirstWebApp", "FirstWebApp.csproj", "{4AE01904-F5F0-4E26-9F09-FCFA697DE5E3}"
EndProject
Global
	GlobalSection(SolutionConfigurationPlatforms) = preSolution
		Debug|Any CPU = Debug|Any CPU
		Release|Any CPU = Release|Any CPU
	EndGlobalSection
	GlobalSection(ProjectConfigurationPlatforms) = postSolution
		{4AE01904-F5F0-4E26-9F09-FCFA697DE5E3}.Debug|Any CPU.ActiveCfg = Debug|Any CPU
		{4AE01904-F5F0-4E26-9F09-FCFA697DE5E3}.Debug|Any CPU.Build.0 = Debug|Any CPU
		{4AE01904-F5F0-4E26-9F09-FCFA697DE5E3}.Release|Any CPU.ActiveCfg = Release|Any CPU
		{4AE01904-F5F0-4E26-9F09-FCFA697DE5E3}.Release|Any CPU.Build.0 = Release|Any CPU
	EndGlobalSection
	GlobalSection(SolutionProperties) = preSolution
		HideSolutionNode = FALSE
	EndGlobalSection
	GlobalSection(ExtensibilityGlobals) = postSolution
		SolutionGuid = {1FE46AA5-C1E4-4DBC-9857-8C53B60F0FAC}
	EndGlobalSection
EndGlobal
